
Microsoft Visual Studio Solution File, Format Version 12.00
# Visual Studio Version 16
VisualStudioVersion = 16.0.29201.188
MinimumVisualStudioVersion = 10.0.40219.1
Project("{FAE04EC0-301F-11D3-BF4B-00C04F79EFBC}") = "PersonalWebsite", "PersonalWebsite.csproj", "{B6B89A78-3956-4BC1-A75B-D2179902F521}"
EndProject
Global
	GlobalSection(SolutionConfigurationPlatforms) = preSolution
		Debug|Any CPU = Debug|Any CPU
		Release|Any CPU = Release|Any CPU
	EndGlobalSection
	GlobalSection(ProjectConfigurationPlatforms) = postSolution
		{B6B89A78-3956-4BC1-A75B-D2179902F521}.Debug|Any CPU.ActiveCfg = Debug|Any CPU
		{B6B89A78-3956-4BC1-A75B-D2179902F521}.Debug|Any CPU.Build.0 = Debug|Any CPU
		{B6B89A78-3956-4BC1-A75B-D2179902F521}.Release|Any CPU.ActiveCfg = Release|Any CPU
		{B6B89A78-3956-4BC1-A75B-D2179902F521}.Release|Any CPU.Build.0 = Release|Any CPU
	EndGlobalSection
	GlobalSection(SolutionProperties) = preSolution
		HideSolutionNode = FALSE
	EndGlobalSection
	GlobalSection(ExtensibilityGlobals) = postSolution
		SolutionGuid = {6644DA03-A809-47C5-810B-AB2C472739CD}
	EndGlobalSection
EndGlobal
